
Microsoft Visual Studio Solution File, Format Version 11.00
# Visual Studio 2010
Project("{FAE04EC0-301F-11D3-BF4B-00C04F79EFBC}") = "Assembly-CSharp", "Assembly-CSharp.csproj", "{B496FA4E-598D-41E2-B2CB-8B4CF6C44C8B}"
EndProject
Project("{FAE04EC0-301F-11D3-BF4B-00C04F79EFBC}") = "Oculus.VR", "Oculus.VR.csproj", "{6851D4BD-1151-786B-BD63-8FCBA84D3588}"
EndProject
Project("{FAE04EC0-301F-11D3-BF4B-00C04F79EFBC}") = "Assembly-CSharp-firstpass", "Assembly-CSharp-firstpass.csproj", "{7C3DCA1D-AE8B-0A98-D11B-D37D83106017}"
EndProject
Project("{FAE04EC0-301F-11D3-BF4B-00C04F79EFBC}") = "Assembly-CSharp-Editor", "Assembly-CSharp-Editor.csproj", "{B8632E03-653B-4355-3524-C46A1E85F71B}"
EndProject
Project("{FAE04EC0-301F-11D3-BF4B-00C04F79EFBC}") = "Oculus.VR.Scripts.Editor", "Oculus.VR.Scripts.Editor.csproj", "{64BF0584-FF1B-4829-F6DD-F97DA7076113}"
EndProject
Project("{FAE04EC0-301F-11D3-BF4B-00C04F79EFBC}") = "Oculus.VR.Editor", "Oculus.VR.Editor.csproj", "{8A46CBC9-F60B-0717-C642-19A60FD00B7B}"
EndProject
Global
	GlobalSection(SolutionConfigurationPlatforms) = preSolution
		Debug|Any CPU = Debug|Any CPU
		Release|Any CPU = Release|Any CPU
	EndGlobalSection
	GlobalSection(ProjectConfigurationPlatforms) = postSolution
		{B496FA4E-598D-41E2-B2CB-8B4CF6C44C8B}.Debug|Any CPU.ActiveCfg = Debug|Any CPU
		{B496FA4E-598D-41E2-B2CB-8B4CF6C44C8B}.Debug|Any CPU.Build.0 = Debug|Any CPU
		{B496FA4E-598D-41E2-B2CB-8B4CF6C44C8B}.Release|Any CPU.ActiveCfg = Release|Any CPU
		{B496FA4E-598D-41E2-B2CB-8B4CF6C44C8B}.Release|Any CPU.Build.0 = Release|Any CPU
		{6851D4BD-1151-786B-BD63-8FCBA84D3588}.Debug|Any CPU.ActiveCfg = Debug|Any CPU
		{6851D4BD-1151-786B-BD63-8FCBA84D3588}.Debug|Any CPU.Build.0 = Debug|Any CPU
		{6851D4BD-1151-786B-BD63-8FCBA84D3588}.Release|Any CPU.ActiveCfg = Release|Any CPU
		{6851D4BD-1151-786B-BD63-8FCBA84D3588}.Release|Any CPU.Build.0 = Release|Any CPU
		{7C3DCA1D-AE8B-0A98-D11B-D37D83106017}.Debug|Any CPU.ActiveCfg = Debug|Any CPU
		{7C3DCA1D-AE8B-0A98-D11B-D37D83106017}.Debug|Any CPU.Build.0 = Debug|Any CPU
		{7C3DCA1D-AE8B-0A98-D11B-D37D83106017}.Release|Any CPU.ActiveCfg = Release|Any CPU
		{7C3DCA1D-AE8B-0A98-D11B-D37D83106017}.Release|Any CPU.Build.0 = Release|Any CPU
		{B8632E03-653B-4355-3524-C46A1E85F71B}.Debug|Any CPU.ActiveCfg = Debug|Any CPU
		{B8632E03-653B-4355-3524-C46A1E85F71B}.Debug|Any CPU.Build.0 = Debug|Any CPU
		{B8632E03-653B-4355-3524-C46A1E85F71B}.Release|Any CPU.ActiveCfg = Release|Any CPU
		{B8632E03-653B-4355-3524-C46A1E85F71B}.Release|Any CPU.Build.0 = Release|Any CPU
		{64BF0584-FF1B-4829-F6DD-F97DA7076113}.Debug|Any CPU.ActiveCfg = Debug|Any CPU
		{64BF0584-FF1B-4829-F6DD-F97DA7076113}.Debug|Any CPU.Build.0 = Debug|Any CPU
		{64BF0584-FF1B-4829-F6DD-F97DA7076113}.Release|Any CPU.ActiveCfg = Release|Any CPU
		{64BF0584-FF1B-4829-F6DD-F97DA7076113}.Release|Any CPU.Build.0 = Release|Any CPU
		{8A46CBC9-F60B-0717-C642-19A60FD00B7B}.Debug|Any CPU.ActiveCfg = Debug|Any CPU
		{8A46CBC9-F60B-0717-C642-19A60FD00B7B}.Debug|Any CPU.Build.0 = Debug|Any CPU
		{8A46CBC9-F60B-0717-C642-19A60FD00B7B}.Release|Any CPU.ActiveCfg = Release|Any CPU
		{8A46CBC9-F60B-0717-C642-19A60FD00B7B}.Release|Any CPU.Build.0 = Release|Any CPU
	EndGlobalSection
	GlobalSection(SolutionProperties) = preSolution
		HideSolutionNode = FALSE
	EndGlobalSection
EndGlobal
